
Microsoft Visual Studio Solution File, Format Version 12.00
# Visual Studio Version 17
VisualStudioVersion = 17.14.36518.9 d17.14
MinimumVisualStudioVersion = 10.0.40219.1
Project("{FAE04EC0-301F-11D3-BF4B-00C04F79EFBC}") = "PflanzenpflegeKonsole", "PflanzenpflegeKonsole\PflanzenpflegeKonsole.csproj", "{5152F131-9A36-4C26-A2EA-CC861F814926}"
EndProject
Global
	GlobalSection(SolutionConfigurationPlatforms) = preSolution
		Debug|Any CPU = Debug|Any CPU
		Release|Any CPU = Release|Any CPU
	EndGlobalSection
	GlobalSection(ProjectConfigurationPlatforms) = postSolution
		{5152F131-9A36-4C26-A2EA-CC861F814926}.Debug|Any CPU.ActiveCfg = Debug|Any CPU
		{5152F131-9A36-4C26-A2EA-CC861F814926}.Debug|Any CPU.Build.0 = Debug|Any CPU
		{5152F131-9A36-4C26-A2EA-CC861F814926}.Release|Any CPU.ActiveCfg = Release|Any CPU
		{5152F131-9A36-4C26-A2EA-CC861F814926}.Release|Any CPU.Build.0 = Release|Any CPU
	EndGlobalSection
	GlobalSection(SolutionProperties) = preSolution
		HideSolutionNode = FALSE
	EndGlobalSection
	GlobalSection(ExtensibilityGlobals) = postSolution
		SolutionGuid = {FA29170D-E3A3-4E59-BC38-F7792F17A569}
	EndGlobalSection
EndGlobal
